Microsoft Visual Studio Solution File, Format Version 12.00
# Visual Studio 2012
Project("{FAE04EC0-301F-11D3-BF4B-00C04F79EFBC}") = "Climbing Game", "Climbing Game.csproj", "{9361AE3A-8192-4C4E-A71A-7CE8B2E08997}"
EndProject
Global
	GlobalSection(SolutionConfigurationPlatforms) = preSolution
	Debug|Any CPU = Debug|Any CPU
	ExportDebug|Any CPU = ExportDebug|Any CPU
	ExportRelease|Any CPU = ExportRelease|Any CPU
	EndGlobalSection
	GlobalSection(ProjectConfigurationPlatforms) = postSolution
		{9361AE3A-8192-4C4E-A71A-7CE8B2E08997}.Debug|Any CPU.ActiveCfg = Debug|Any CPU
		{9361AE3A-8192-4C4E-A71A-7CE8B2E08997}.Debug|Any CPU.Build.0 = Debug|Any CPU
		{9361AE3A-8192-4C4E-A71A-7CE8B2E08997}.ExportDebug|Any CPU.ActiveCfg = ExportDebug|Any CPU
		{9361AE3A-8192-4C4E-A71A-7CE8B2E08997}.ExportDebug|Any CPU.Build.0 = ExportDebug|Any CPU
		{9361AE3A-8192-4C4E-A71A-7CE8B2E08997}.ExportRelease|Any CPU.ActiveCfg = ExportRelease|Any CPU
		{9361AE3A-8192-4C4E-A71A-7CE8B2E08997}.ExportRelease|Any CPU.Build.0 = ExportRelease|Any CPU
	EndGlobalSection
EndGlobal
